
Microsoft Visual Studio Solution File, Format Version 12.00
# Visual Studio Version 17
VisualStudioVersion = 17.9.34723.18
MinimumVisualStudioVersion = 10.0.40219.1
Project("{9A19103F-16F7-4668-BE54-9A1E7A4F7556}") = "SmsApp", "SMSApp\SmsApp.csproj", "{468A6E46-E7A0-4EC6-8DA3-67BBA8DF4601}"
EndProject
Project("{9A19103F-16F7-4668-BE54-9A1E7A4F7556}") = "Events", "Events\Events.csproj", "{A6A6014D-36FC-492A-9C49-EC402B26714C}"
EndProject
Project("{9A19103F-16F7-4668-BE54-9A1E7A4F7556}") = "SmsApp.Tests", "SmsApp.Tests\SmsApp.Tests.csproj", "{189B46B2-229E-4BFC-BE5F-849A204C5A10}"
EndProject
Global
	GlobalSection(SolutionConfigurationPlatforms) = preSolution
		Debug|Any CPU = Debug|Any CPU
		Release|Any CPU = Release|Any CPU
	EndGlobalSection
	GlobalSection(ProjectConfigurationPlatforms) = postSolution
		{468A6E46-E7A0-4EC6-8DA3-67BBA8DF4601}.Debug|Any CPU.ActiveCfg = Debug|Any CPU
		{468A6E46-E7A0-4EC6-8DA3-67BBA8DF4601}.Debug|Any CPU.Build.0 = Debug|Any CPU
		{468A6E46-E7A0-4EC6-8DA3-67BBA8DF4601}.Release|Any CPU.ActiveCfg = Release|Any CPU
		{468A6E46-E7A0-4EC6-8DA3-67BBA8DF4601}.Release|Any CPU.Build.0 = Release|Any CPU
		{A6A6014D-36FC-492A-9C49-EC402B26714C}.Debug|Any CPU.ActiveCfg = Debug|Any CPU
		{A6A6014D-36FC-492A-9C49-EC402B26714C}.Debug|Any CPU.Build.0 = Debug|Any CPU
		{A6A6014D-36FC-492A-9C49-EC402B26714C}.Release|Any CPU.ActiveCfg = Release|Any CPU
		{A6A6014D-36FC-492A-9C49-EC402B26714C}.Release|Any CPU.Build.0 = Release|Any CPU
		{189B46B2-229E-4BFC-BE5F-849A204C5A10}.Debug|Any CPU.ActiveCfg = Debug|Any CPU
		{189B46B2-229E-4BFC-BE5F-849A204C5A10}.Debug|Any CPU.Build.0 = Debug|Any CPU
		{189B46B2-229E-4BFC-BE5F-849A204C5A10}.Release|Any CPU.ActiveCfg = Release|Any CPU
		{189B46B2-229E-4BFC-BE5F-849A204C5A10}.Release|Any CPU.Build.0 = Release|Any CPU
	EndGlobalSection
	GlobalSection(SolutionProperties) = preSolution
		HideSolutionNode = FALSE
	EndGlobalSection
	GlobalSection(ExtensibilityGlobals) = postSolution
		SolutionGuid = {AA43A8A9-9AE0-44D3-BBBA-E9590764C5AA}
	EndGlobalSection
EndGlobal
